# THIS IS AN AUTOGENERATED FILE. DO NOT EDIT THIS FILE DIRECTLY.
# yarn lockfile v1


figlet@^1.8.1:
  version "1.8.1"
  resolved "https://registry.yarnpkg.com/figlet/-/figlet-1.8.1.tgz#e8e8a07e8c16be24c31086d7d5de8a9b9cf7f0fd"
  integrity sha512-kEC3Sme+YvA8Hkibv0NR1oClGcWia0VB2fC1SlMy027cwe795Xx40Xiv/nw/iFAwQLupymWh+uhAAErn/7hwPg==
